Microsoft Visual Studio Solution File, Format Version 12.00
# Visual Studio Version 17
VisualStudioVersion = 17.5.2.0
MinimumVisualStudioVersion = 10.0.40219.1
Project("{FAE04EC0-301F-11D3-BF4B-00C04F79EFBC}") = "Examples.Solid", "Examples.Solid.csproj", "{9EFEFA01-E40B-D807-7B74-80E119292EFF}"
EndProject
Global
	GlobalSection(SolutionConfigurationPlatforms) = preSolution
		Debug|Any CPU = Debug|Any CPU
		Release|Any CPU = Release|Any CPU
	EndGlobalSection
	GlobalSection(ProjectConfigurationPlatforms) = postSolution
		{9EFEFA01-E40B-D807-7B74-80E119292EFF}.Debug|Any CPU.ActiveCfg = Debug|Any CPU
		{9EFEFA01-E40B-D807-7B74-80E119292EFF}.Debug|Any CPU.Build.0 = Debug|Any CPU
		{9EFEFA01-E40B-D807-7B74-80E119292EFF}.Release|Any CPU.ActiveCfg = Release|Any CPU
		{9EFEFA01-E40B-D807-7B74-80E119292EFF}.Release|Any CPU.Build.0 = Release|Any CPU
	EndGlobalSection
	GlobalSection(SolutionProperties) = preSolution
		HideSolutionNode = FALSE
	EndGlobalSection
	GlobalSection(ExtensibilityGlobals) = postSolution
		SolutionGuid = {085519F1-A8F6-4FF0-B74D-B506AF341A3B}
	EndGlobalSection
EndGlobal
